<?xml version="1.0" encoding="utf-8"?>
<Project ToolsVersion="4.0" xmlns="http://schemas.microsoft.com/developer/msbuild/2003">
  <ItemGroup>
    <Filter Include="Source Files">
      <UniqueIdentifier>{4FC737F1-C7A5-4376-A066-2A32D752A2FF}</UniqueIdentifier>
      <Extensions>cpp;c;cc;cxx;def;odl;idl;hpj;bat;asm;asmx</Extensions>
    </Filter>
    <Filter Include="Header Files">
      <UniqueIdentifier>{93995380-89BD-4b04-88EB-625FBE52EBFB}</UniqueIdentifier>
      <Extensions>h;hh;hpp;hxx;hm;inl;inc;xsd</Extensions>
    </Filter>
    <Filter Include="Resource Files">
      <UniqueIdentifier>{67DA6AB6-F800-4c08-8B7A-83BB121AAD01}</UniqueIdentifier>
      <Extensions>rc;ico;cur;bmp;dlg;rc2;rct;bin;rgs;gif;jpg;jpeg;jpe;resx;tiff;tif;png;wav;mfcribbon-ms</Extensions>
    </Filter>
  </ItemGroup>
  <ItemGroup>
    <ClCompile Include="Main.cpp">
      <Filter>Source Files</Filter>
    </ClCompile>
    <ClCompile Include="BitmapFont.cpp">
      <Filter>Source Files</Filter>
    </ClCompile>
    <ClCompile Include="Utils.cpp">
      <Filter>Source Files</Filter>
    </ClCompile>
    <ClCompile Include="Runnable.cpp">
      <Filter>Source Files</Filter>
    </ClCompile>
    <ClCompile Include="RasterGridRunnable.cpp">
      <Filter>Source Files</Filter>
    </ClCompile>
    <ClCompile Include="DDABresenhamLineInterpolation.cpp">
      <Filter>Source Files</Filter>
    </ClCompile>
    <ClCompile Include="CircleEllipseInterpolation.cpp">
      <Filter>Source Files</Filter>
    </ClCompile>
    <ClCompile Include="CohenSutherlandClipping.cpp">
      <Filter>Source Files</Filter>
    </ClCompile>
    <ClCompile Include="CyrusBeckClipping.cpp">
      <Filter>Source Files</Filter>
    </ClCompile>
    <ClCompile Include="SutherlandHodgmanClipping.cpp">
      <Filter>Source Files</Filter>
    </ClCompile>
    <ClCompile Include="LineSeedFill.cpp">
      <Filter>Source Files</Filter>
    </ClCompile>
    <ClCompile Include="FramebufferRunnable.cpp">
      <Filter>Source Files</Filter>
    </ClCompile>
    <ClCompile Include="PinedaTriangleFill.cpp">
      <Filter>Source Files</Filter>
    </ClCompile>
    <ClCompile Include="AppSelector.cpp">
      <Filter>Source Files</Filter>
    </ClCompile>
  </ItemGroup>
  <ItemGroup>
    <ClInclude Include="Vector2.h">
      <Filter>Header Files</Filter>
    </ClInclude>
    <ClInclude Include="BitmapFont.h">
      <Filter>Header Files</Filter>
    </ClInclude>
    <ClInclude Include="Utils.h">
      <Filter>Header Files</Filter>
    </ClInclude>
    <ClInclude Include="Runnable.h">
      <Filter>Header Files</Filter>
    </ClInclude>
    <ClInclude Include="RasterGridRunnable.h">
      <Filter>Header Files</Filter>
    </ClInclude>
    <ClInclude Include="DDABresenhamLineInterpolation.h">
      <Filter>Header Files</Filter>
    </ClInclude>
    <ClInclude Include="CircleEllipseInterpolation.h">
      <Filter>Header Files</Filter>
    </ClInclude>
    <ClInclude Include="CohenSutherlandClipping.h">
      <Filter>Header Files</Filter>
    </ClInclude>
    <ClInclude Include="CyrusBeckClipping.h">
      <Filter>Header Files</Filter>
    </ClInclude>
    <ClInclude Include="SutherlandHodgmanClipping.h">
      <Filter>Header Files</Filter>
    </ClInclude>
    <ClInclude Include="LineSeedFill.h">
      <Filter>Header Files</Filter>
    </ClInclude>
    <ClInclude Include="FramebufferRunnable.h">
      <Filter>Header Files</Filter>
    </ClInclude>
    <ClInclude Include="PinedaTriangleFill.h">
      <Filter>Header Files</Filter>
    </ClInclude>
    <ClInclude Include="AppSelector.h">
      <Filter>Header Files</Filter>
    </ClInclude>
  </ItemGroup>
</Project>